// !$*UTF8*$!
{
	archiveVersion = 1;
	classes = {
	};
	objectVersion = 56;
	objects = {

/* Begin PBXBuildFile section */
		F04362332C3F857800E0B4DC /* DietDiceApp.swift in Sources */ = {isa = PBXBuildFile; fileRef = F04362322C3F857800E0B4DC /* DietDiceApp.swift */; };
		F04362352C3F857800E0B4DC /* ContentView.swift in Sources */ = {isa = PBXBuildFile; fileRef = F04362342C3F857800E0B4DC /* ContentView.swift */; };
		F04362372C3F857800E0B4DC /* Assets.xcassets in Resources */ = {isa = PBXBuildFile; fileRef = F04362362C3F857800E0B4DC /* Assets.xcassets */; };
		F043623A2C3F857800E0B4DC /* Preview Assets.xcassets in Resources */ = {isa = PBXBuildFile; fileRef = F04362392C3F857800E0B4DC /* Preview Assets.xcassets */; };
		F050821C2C3F86FB00BC7782 /* HomeView.swift in Sources */ = {isa = PBXBuildFile; fileRef = F050821B2C3F86FB00BC7782 /* HomeView.swift */; };
		F050821E2C3F870D00BC7782 /* CategoriesView.swift in Sources */ = {isa = PBXBuildFile; fileRef = F050821D2C3F870D00BC7782 /* CategoriesView.swift */; };
		F05082202C3F871D00BC7782 /* NewRecipeView.swift in Sources */ = {isa = PBXBuildFile; fileRef = F050821F2C3F871D00BC7782 /* NewRecipeView.swift */; };
		F05082222C3F873200BC7782 /* FavoritesView.swift in Sources */ = {isa = PBXBuildFile; fileRef = F05082212C3F873200BC7782 /* FavoritesView.swift */; };
		F05082242C3F874100BC7782 /* SettingsView.swift in Sources */ = {isa = PBXBuildFile; fileRef = F05082232C3F874100BC7782 /* SettingsView.swift */; };
		F05082262C3F8CDD00BC7782 /* TabBar.swift in Sources */ = {isa = PBXBuildFile; fileRef = F05082252C3F8CDD00BC7782 /* TabBar.swift */; };
		F050822A2C3F990700BC7782 /* RecipeModel.swift in Sources */ = {isa = PBXBuildFile; fileRef = F05082292C3F990700BC7782 /* RecipeModel.swift */; };
		F050822C2C3F9D1D00BC7782 /* RecipeCard.swift in Sources */ = {isa = PBXBuildFile; fileRef = F050822B2C3F9D1D00BC7782 /* RecipeCard.swift */; };
/* End PBXBuildFile section */

/* Begin PBXFileReference section */
		F043622F2C3F857800E0B4DC /* DietDice.app */ = {isa = PBXFileReference; explicitFileType = wrapper.application; includeInIndex = 0; path = DietDice.app; sourceTree = BUILT_PRODUCTS_DIR; };
		F04362322C3F857800E0B4DC /* DietDiceApp.swift */ = {isa = PBXFileReference; lastKnownFileType = sourcecode.swift; path = DietDiceApp.swift; sourceTree = "<group>"; };
		F04362342C3F857800E0B4DC /* ContentView.swift */ = {isa = PBXFileReference; lastKnownFileType = sourcecode.swift; path = ContentView.swift; sourceTree = "<group>"; };
		F04362362C3F857800E0B4DC /* Assets.xcassets */ = {isa = PBXFileReference; lastKnownFileType = folder.assetcatalog; path = Assets.xcassets; sourceTree = "<group>"; };
		F04362392C3F857800E0B4DC /* Preview Assets.xcassets */ = {isa = PBXFileReference; lastKnownFileType = folder.assetcatalog; path = "Preview Assets.xcassets"; sourceTree = "<group>"; };
		F050821B2C3F86FB00BC7782 /* HomeView.swift */ = {isa = PBXFileReference; lastKnownFileType = sourcecode.swift; path = HomeView.swift; sourceTree = "<group>"; };
		F050821D2C3F870D00BC7782 /* CategoriesView.swift */ = {isa = PBXFileReference; lastKnownFileType = sourcecode.swift; path = CategoriesView.swift; sourceTree = "<group>"; };
		F050821F2C3F871D00BC7782 /* NewRecipeView.swift */ = {isa = PBXFileReference; lastKnownFileType = sourcecode.swift; path = NewRecipeView.swift; sourceTree = "<group>"; };
		F05082212C3F873200BC7782 /* FavoritesView.swift */ = {isa = PBXFileReference; lastKnownFileType = sourcecode.swift; path = FavoritesView.swift; sourceTree = "<group>"; };
		F05082232C3F874100BC7782 /* SettingsView.swift */ = {isa = PBXFileReference; lastKnownFileType = sourcecode.swift; path = SettingsView.swift; sourceTree = "<group>"; };
		F05082252C3F8CDD00BC7782 /* TabBar.swift */ = {isa = PBXFileReference; lastKnownFileType = sourcecode.swift; path = TabBar.swift; sourceTree = "<group>"; };
		F05082292C3F990700BC7782 /* RecipeModel.swift */ = {isa = PBXFileReference; lastKnownFileType = sourcecode.swift; path = RecipeModel.swift; sourceTree = "<group>"; };
		F050822B2C3F9D1D00BC7782 /* RecipeCard.swift */ = {isa = PBXFileReference; lastKnownFileType = sourcecode.swift; path = RecipeCard.swift; sourceTree = "<group>"; };
/* End PBXFileReference section */

/* Begin PBXFrameworksBuildPhase section */
		F043622C2C3F857800E0B4DC /* Frameworks */ = {
			isa = PBXFrameworksBuildPhase;
			buildActionMask = 2147483647;
			files = (
			);
			runOnlyForDeploymentPostprocessing = 0;
		};
/* End PBXFrameworksBuildPhase section */

/* Begin PBXGroup section */
		F04362262C3F857700E0B4DC = {
			isa = PBXGroup;
			children = (
				F04362312C3F857800E0B4DC /* DietDice */,
				F04362302C3F857800E0B4DC /* Products */,
			);
			sourceTree = "<group>";
		};
		F04362302C3F857800E0B4DC /* Products */ = {
			isa = PBXGroup;
			children = (
				F043622F2C3F857800E0B4DC /* DietDice.app */,
			);
			name = Products;
			sourceTree = "<group>";
		};
		F04362312C3F857800E0B4DC /* DietDice */ = {
			isa = PBXGroup;
			children = (
				F05082282C3F966A00BC7782 /* Models */,
				F05082272C3F966000BC7782 /* ViewModels */,
				F05082172C3F866900BC7782 /* Views */,
				F04362322C3F857800E0B4DC /* DietDiceApp.swift */,
				F04362362C3F857800E0B4DC /* Assets.xcassets */,
				F04362382C3F857800E0B4DC /* Preview Content */,
			);
			path = DietDice;
			sourceTree = "<group>";
		};
		F04362382C3F857800E0B4DC /* Preview Content */ = {
			isa = PBXGroup;
			children = (
				F04362392C3F857800E0B4DC /* Preview Assets.xcassets */,
			);
			path = "Preview Content";
			sourceTree = "<group>";
		};
		F05082172C3F866900BC7782 /* Views */ = {
			isa = PBXGroup;
			children = (
				F050821A2C3F869700BC7782 /* Components */,
				F05082192C3F868E00BC7782 /* Detail */,
				F05082182C3F867C00BC7782 /* Main */,
			);
			path = Views;
			sourceTree = "<group>";
		};
		F05082182C3F867C00BC7782 /* Main */ = {
			isa = PBXGroup;
			children = (
				F04362342C3F857800E0B4DC /* ContentView.swift */,
				F050821B2C3F86FB00BC7782 /* HomeView.swift */,
				F050821D2C3F870D00BC7782 /* CategoriesView.swift */,
				F050821F2C3F871D00BC7782 /* NewRecipeView.swift */,
				F05082212C3F873200BC7782 /* FavoritesView.swift */,
				F05082232C3F874100BC7782 /* SettingsView.swift */,
				F05082252C3F8CDD00BC7782 /* TabBar.swift */,
			);
			path = Main;
			sourceTree = "<group>";
		};
		F05082192C3F868E00BC7782 /* Detail */ = {
			isa = PBXGroup;
			children = (
			);
			path = Detail;
			sourceTree = "<group>";
		};
		F050821A2C3F869700BC7782 /* Components */ = {
			isa = PBXGroup;
			children = (
				F050822B2C3F9D1D00BC7782 /* RecipeCard.swift */,
			);
			path = Components;
			sourceTree = "<group>";
		};
		F05082272C3F966000BC7782 /* ViewModels */ = {
			isa = PBXGroup;
			children = (
			);
			path = ViewModels;
			sourceTree = "<group>";
		};
		F05082282C3F966A00BC7782 /* Models */ = {
			isa = PBXGroup;
			children = (
				F05082292C3F990700BC7782 /* RecipeModel.swift */,
			);
			path = Models;
			sourceTree = "<group>";
		};
/* End PBXGroup section */

/* Begin PBXNativeTarget section */
		F043622E2C3F857800E0B4DC /* DietDice */ = {
			isa = PBXNativeTarget;
			buildConfigurationList = F043623D2C3F857800E0B4DC /* Build configuration list for PBXNativeTarget "DietDice" */;
			buildPhases = (
				F043622B2C3F857800E0B4DC /* Sources */,
				F043622C2C3F857800E0B4DC /* Frameworks */,
				F043622D2C3F857800E0B4DC /* Resources */,
			);
			buildRules = (
			);
			dependencies = (
			);
			name = DietDice;
			productName = DietDice;
			productReference = F043622F2C3F857800E0B4DC /* DietDice.app */;
			productType = "com.apple.product-type.application";
		};
/* End PBXNativeTarget section */

/* Begin PBXProject section */
		F04362272C3F857700E0B4DC /* Project object */ = {
			isa = PBXProject;
			attributes = {
				BuildIndependentTargetsInParallel = 1;
				LastSwiftUpdateCheck = 1540;
				LastUpgradeCheck = 1540;
				TargetAttributes = {
					F043622E2C3F857800E0B4DC = {
						CreatedOnToolsVersion = 15.4;
					};
				};
			};
			buildConfigurationList = F043622A2C3F857700E0B4DC /* Build configuration list for PBXProject "DietDice" */;
			compatibilityVersion = "Xcode 14.0";
			developmentRegion = en;
			hasScannedForEncodings = 0;
			knownRegions = (
				en,
				Base,
			);
			mainGroup = F04362262C3F857700E0B4DC;
			productRefGroup = F04362302C3F857800E0B4DC /* Products */;
			projectDirPath = "";
			projectRoot = "";
			targets = (
				F043622E2C3F857800E0B4DC /* DietDice */,
			);
		};
/* End PBXProject section */

/* Begin PBXResourcesBuildPhase section */
		F043622D2C3F857800E0B4DC /* Resources */ = {
			isa = PBXResourcesBuildPhase;
			buildActionMask = 2147483647;
			files = (
				F043623A2C3F857800E0B4DC /* Preview Assets.xcassets in Resources */,
				F04362372C3F857800E0B4DC /* Assets.xcassets in Resources */,
			);
			runOnlyForDeploymentPostprocessing = 0;
		};
/* End PBXResourcesBuildPhase section */

/* Begin PBXSourcesBuildPhase section */
		F043622B2C3F857800E0B4DC /* Sources */ = {
			isa = PBXSourcesBuildPhase;
			buildActionMask = 2147483647;
			files = (
				F05082242C3F874100BC7782 /* SettingsView.swift in Sources */,
				F050822C2C3F9D1D00BC7782 /* RecipeCard.swift in Sources */,
				F050821E2C3F870D00BC7782 /* CategoriesView.swift in Sources */,
				F05082202C3F871D00BC7782 /* NewRecipeView.swift in Sources */,
				F05082262C3F8CDD00BC7782 /* TabBar.swift in Sources */,
				F05082222C3F873200BC7782 /* FavoritesView.swift in Sources */,
				F050821C2C3F86FB00BC7782 /* HomeView.swift in Sources */,
				F04362352C3F857800E0B4DC /* ContentView.swift in Sources */,
				F04362332C3F857800E0B4DC /* DietDiceApp.swift in Sources */,
				F050822A2C3F990700BC7782 /* RecipeModel.swift in Sources */,
			);
			runOnlyForDeploymentPostprocessing = 0;
		};
/* End PBXSourcesBuildPhase section */

/* Begin XCBuildConfiguration section */
		F043623B2C3F857800E0B4DC /* Debug */ = {
			isa = XCBuildConfiguration;
			buildSettings = {
				ALWAYS_SEARCH_USER_PATHS = NO;
				ASSETCATALOG_COMPILER_GENERATE_SWIFT_ASSET_SYMBOL_EXTENSIONS = YES;
				CLANG_ANALYZER_NONNULL = YES;
				CLANG_ANALYZER_NUMBER_OBJECT_CONVERSION = YES_AGGRESSIVE;
				CLANG_CXX_LANGUAGE_STANDARD = "gnu++20";
				CLANG_ENABLE_MODULES = YES;
				CLANG_ENABLE_OBJC_ARC = YES;
				CLANG_ENABLE_OBJC_WEAK = YES;
				CLANG_WARN_BLOCK_CAPTURE_AUTORELEASING = YES;
				CLANG_WARN_BOOL_CONVERSION = YES;
				CLANG_WARN_COMMA = YES;
				CLANG_WARN_CONSTANT_CONVERSION = YES;
				CLANG_WARN_DEPRECATED_OBJC_IMPLEMENTATIONS = YES;
				CLANG_WARN_DIRECT_OBJC_ISA_USAGE = YES_ERROR;
				CLANG_WARN_DOCUMENTATION_COMMENTS = YES;
				CLANG_WARN_EMPTY_BODY = YES;
				CLANG_WARN_ENUM_CONVERSION = YES;
				CLANG_WARN_INFINITE_RECURSION = YES;
				CLANG_WARN_INT_CONVERSION = YES;
				CLANG_WARN_NON_LITERAL_NULL_CONVERSION = YES;
				CLANG_WARN_OBJC_IMPLICIT_RETAIN_SELF = YES;
				CLANG_WARN_OBJC_LITERAL_CONVERSION = YES;
				CLANG_WARN_OBJC_ROOT_CLASS = YES_ERROR;
				CLANG_WARN_QUOTED_INCLUDE_IN_FRAMEWORK_HEADER = YES;
				CLANG_WARN_RANGE_LOOP_ANALYSIS = YES;
				CLANG_WARN_STRICT_PROTOTYPES = YES;
				CLANG_WARN_SUSPICIOUS_MOVE = YES;
				CLANG_WARN_UNGUARDED_AVAILABILITY = YES_AGGRESSIVE;
				CLANG_WARN_UNREACHABLE_CODE = YES;
				CLANG_WARN__DUPLICATE_METHOD_MATCH = YES;
				COPY_PHASE_STRIP = NO;
				DEBUG_INFORMATION_FORMAT = dwarf;
				ENABLE_STRICT_OBJC_MSGSEND = YES;
				ENABLE_TESTABILITY = YES;
				ENABLE_USER_SCRIPT_SANDBOXING = YES;
				GCC_C_LANGUAGE_STANDARD = gnu17;
				GCC_DYNAMIC_NO_PIC = NO;
				GCC_NO_COMMON_BLOCKS = YES;
				GCC_OPTIMIZATION_LEVEL = 0;
				GCC_PREPROCESSOR_DEFINITIONS = (
					"DEBUG=1",
					"$(inherited)",
				);
				GCC_WARN_64_TO_32_BIT_CONVERSION = YES;
				GCC_WARN_ABOUT_RETURN_TYPE = YES_ERROR;
				GCC_WARN_UNDECLARED_SELECTOR = YES;
				GCC_WARN_UNINITIALIZED_AUTOS = YES_AGGRESSIVE;
				GCC_WARN_UNUSED_FUNCTION = YES;
				GCC_WARN_UNUSED_VARIABLE = YES;
				IPHONEOS_DEPLOYMENT_TARGET = 17.5;
				LOCALIZATION_PREFERS_STRING_CATALOGS = YES;
				MTL_ENABLE_DEBUG_INFO = INCLUDE_SOURCE;
				MTL_FAST_MATH = YES;
				ONLY_ACTIVE_ARCH = YES;
				SDKROOT = iphoneos;
				SWIFT_ACTIVE_COMPILATION_CONDITIONS = "DEBUG $(inherited)";
				SWIFT_OPTIMIZATION_LEVEL = "-Onone";
			};
			name = Debug;
		};
		F043623C2C3F857800E0B4DC /* Release */ = {
			isa = XCBuildConfiguration;
			buildSettings = {
				ALWAYS_SEARCH_USER_PATHS = NO;
				ASSETCATALOG_COMPILER_GENERATE_SWIFT_ASSET_SYMBOL_EXTENSIONS = YES;
				CLANG_ANALYZER_NONNULL = YES;
				CLANG_ANALYZER_NUMBER_OBJECT_CONVERSION = YES_AGGRESSIVE;
				CLANG_CXX_LANGUAGE_STANDARD = "gnu++20";
				CLANG_ENABLE_MODULES = YES;
				CLANG_ENABLE_OBJC_ARC = YES;
				CLANG_ENABLE_OBJC_WEAK = YES;
				CLANG_WARN_BLOCK_CAPTURE_AUTORELEASING = YES;
				CLANG_WARN_BOOL_CONVERSION = YES;
				CLANG_WARN_COMMA = YES;
				CLANG_WARN_CONSTANT_CONVERSION = YES;
				CLANG_WARN_DEPRECATED_OBJC_IMPLEMENTATIONS = YES;
				CLANG_WARN_DIRECT_OBJC_ISA_USAGE = YES_ERROR;
				CLANG_WARN_DOCUMENTATION_COMMENTS = YES;
				CLANG_WARN_EMPTY_BODY = YES;
				CLANG_WARN_ENUM_CONVERSION = YES;
				CLANG_WARN_INFINITE_RECURSION = YES;
				CLANG_WARN_INT_CONVERSION = YES;
				CLANG_WARN_NON_LITERAL_NULL_CONVERSION = YES;
				CLANG_WARN_OBJC_IMPLICIT_RETAIN_SELF = YES;
				CLANG_WARN_OBJC_LITERAL_CONVERSION = YES;
				CLANG_WARN_OBJC_ROOT_CLASS = YES_ERROR;
				CLANG_WARN_QUOTED_INCLUDE_IN_FRAMEWORK_HEADER = YES;
				CLANG_WARN_RANGE_LOOP_ANALYSIS = YES;
				CLANG_WARN_STRICT_PROTOTYPES = YES;
				CLANG_WARN_SUSPICIOUS_MOVE = YES;
				CLANG_WARN_UNGUARDED_AVAILABILITY = YES_AGGRESSIVE;
				CLANG_WARN_UNREACHABLE_CODE = YES;
				CLANG_WARN__DUPLICATE_METHOD_MATCH = YES;
				COPY_PHASE_STRIP = NO;
				DEBUG_INFORMATION_FORMAT = "dwarf-with-dsym";
				ENABLE_NS_ASSERTIONS = NO;
				ENABLE_STRICT_OBJC_MSGSEND = YES;
				ENABLE_USER_SCRIPT_SANDBOXING = YES;
				GCC_C_LANGUAGE_STANDARD = gnu17;
				GCC_NO_COMMON_BLOCKS = YES;
				GCC_WARN_64_TO_32_BIT_CONVERSION = YES;
				GCC_WARN_ABOUT_RETURN_TYPE = YES_ERROR;
				GCC_WARN_UNDECLARED_SELECTOR = YES;
				GCC_WARN_UNINITIALIZED_AUTOS = YES_AGGRESSIVE;
				GCC_WARN_UNUSED_FUNCTION = YES;
				GCC_WARN_UNUSED_VARIABLE = YES;
				IPHONEOS_DEPLOYMENT_TARGET = 17.5;
				LOCALIZATION_PREFERS_STRING_CATALOGS = YES;
				MTL_ENABLE_DEBUG_INFO = NO;
				MTL_FAST_MATH = YES;
				SDKROOT = iphoneos;
				SWIFT_COMPILATION_MODE = wholemodule;
				VALIDATE_PRODUCT = YES;
			};
			name = Release;
		};
		F043623E2C3F857800E0B4DC /* Debug */ = {
			isa = XCBuildConfiguration;
			buildSettings = {
				ASSETCATALOG_COMPILER_APPICON_NAME = AppIcon;
				ASSETCATALOG_COMPILER_GLOBAL_ACCENT_COLOR_NAME = AccentColor;
				CODE_SIGN_STYLE = Automatic;
				CURRENT_PROJECT_VERSION = 1;
				DEVELOPMENT_ASSET_PATHS = "\"DietDice/Preview Content\"";
				ENABLE_PREVIEWS = YES;
				GENERATE_INFOPLIST_FILE = YES;
				INFOPLIST_KEY_UIApplicationSceneManifest_Generation = YES;
				INFOPLIST_KEY_UIApplicationSupportsIndirectInputEvents = YES;
				INFOPLIST_KEY_UILaunchScreen_Generation = YES;
				INFOPLIST_KEY_UISupportedInterfaceOrientations_iPad = "UIInterfaceOrientationPortrait UIInterfaceOrientationPortraitUpsideDown UIInterfaceOrientationLandscapeLeft UIInterfaceOrientationLandscapeRight";
				INFOPLIST_KEY_UISupportedInterfaceOrientations_iPhone = "UIInterfaceOrientationPortrait UIInterfaceOrientationLandscapeLeft UIInterfaceOrientationLandscapeRight";
				LD_RUNPATH_SEARCH_PATHS = (
					"$(inherited)",
					"@executable_path/Frameworks",
				);
				MARKETING_VERSION = 1.0;
				PRODUCT_BUNDLE_IDENTIFIER = com.wangdairou.DietDice;
				PRODUCT_NAME = "$(TARGET_NAME)";
				SWIFT_EMIT_LOC_STRINGS = YES;
				SWIFT_VERSION = 5.0;
				TARGETED_DEVICE_FAMILY = "1,2";
			};
			name = Debug;
		};
		F043623F2C3F857800E0B4DC /* Release */ = {
			isa = XCBuildConfiguration;
			buildSettings = {
				ASSETCATALOG_COMPILER_APPICON_NAME = AppIcon;
				ASSETCATALOG_COMPILER_GLOBAL_ACCENT_COLOR_NAME = AccentColor;
				CODE_SIGN_STYLE = Automatic;
				CURRENT_PROJECT_VERSION = 1;
				DEVELOPMENT_ASSET_PATHS = "\"DietDice/Preview Content\"";
				ENABLE_PREVIEWS = YES;
				GENERATE_INFOPLIST_FILE = YES;
				INFOPLIST_KEY_UIApplicationSceneManifest_Generation = YES;
				INFOPLIST_KEY_UIApplicationSupportsIndirectInputEvents = YES;
				INFOPLIST_KEY_UILaunchScreen_Generation = YES;
				INFOPLIST_KEY_UISupportedInterfaceOrientations_iPad = "UIInterfaceOrientationPortrait UIInterfaceOrientationPortraitUpsideDown UIInterfaceOrientationLandscapeLeft UIInterfaceOrientationLandscapeRight";
				INFOPLIST_KEY_UISupportedInterfaceOrientations_iPhone = "UIInterfaceOrientationPortrait UIInterfaceOrientationLandscapeLeft UIInterfaceOrientationLandscapeRight";
				LD_RUNPATH_SEARCH_PATHS = (
					"$(inherited)",
					"@executable_path/Frameworks",
				);
				MARKETING_VERSION = 1.0;
				PRODUCT_BUNDLE_IDENTIFIER = com.wangdairou.DietDice;
				PRODUCT_NAME = "$(TARGET_NAME)";
				SWIFT_EMIT_LOC_STRINGS = YES;
				SWIFT_VERSION = 5.0;
				TARGETED_DEVICE_FAMILY = "1,2";
			};
			name = Release;
		};
/* End XCBuildConfiguration section */

/* Begin XCConfigurationList section */
		F043622A2C3F857700E0B4DC /* Build configuration list for PBXProject "DietDice" */ = {
			isa = XCConfigurationList;
			buildConfigurations = (
				F043623B2C3F857800E0B4DC /* Debug */,
				F043623C2C3F857800E0B4DC /* Release */,
			);
			defaultConfigurationIsVisible = 0;
			defaultConfigurationName = Release;
		};
		F043623D2C3F857800E0B4DC /* Build configuration list for PBXNativeTarget "DietDice" */ = {
			isa = XCConfigurationList;
			buildConfigurations = (
				F043623E2C3F857800E0B4DC /* Debug */,
				F043623F2C3F857800E0B4DC /* Release */,
			);
			defaultConfigurationIsVisible = 0;
			defaultConfigurationName = Release;
		};
/* End XCConfigurationList section */
	};
	rootObject = F04362272C3F857700E0B4DC /* Project object */;
}
